// !$*UTF8*$!
{
	archiveVersion = 1;
	classes = {
	};
	objectVersion = 50;
	objects = {

/* Begin PBXBuildFile section */
		C10A6AA726ACB6A900E1744A /* AppDelegate.swift in Sources */ = {isa = PBXBuildFile; fileRef = C10A6AA626ACB6A900E1744A /* AppDelegate.swift */; };
		C10A6AA926ACB6A900E1744A /* SceneDelegate.swift in Sources */ = {isa = PBXBuildFile; fileRef = C10A6AA826ACB6A900E1744A /* SceneDelegate.swift */; };
		C10A6AAB26ACB6A900E1744A /* HomeViewController.swift in Sources */ = {isa = PBXBuildFile; fileRef = C10A6AAA26ACB6A900E1744A /* HomeViewController.swift */; };
		C10A6AAE26ACB6A900E1744A /* Main.storyboard in Resources */ = {isa = PBXBuildFile; fileRef = C10A6AAC26ACB6A900E1744A /* Main.storyboard */; };
		C10A6AB026ACB6AB00E1744A /* Assets.xcassets in Resources */ = {isa = PBXBuildFile; fileRef = C10A6AAF26ACB6AB00E1744A /* Assets.xcassets */; };
		C10A6AB326ACB6AB00E1744A /* LaunchScreen.storyboard in Resources */ = {isa = PBXBuildFile; fileRef = C10A6AB126ACB6AB00E1744A /* LaunchScreen.storyboard */; };
		C10A6ABB26ACB7BC00E1744A /* MenuViewController.swift in Sources */ = {isa = PBXBuildFile; fileRef = C10A6ABA26ACB7BC00E1744A /* MenuViewController.swift */; };
		C10A6ABD26ACC48200E1744A /* SlideinTransition.swift in Sources */ = {isa = PBXBuildFile; fileRef = C10A6ABC26ACC48200E1744A /* SlideinTransition.swift */; };
		C10A6ABF26ACD65100E1744A /* AnimalsViewController.swift in Sources */ = {isa = PBXBuildFile; fileRef = C10A6ABE26ACD65100E1744A /* AnimalsViewController.swift */; };
/* End PBXBuildFile section */

/* Begin PBXFileReference section */
		C10A6AA326ACB6A900E1744A /* Gif-Me !.app */ = {isa = PBXFileReference; explicitFileType = wrapper.application; includeInIndex = 0; path = "Gif-Me !.app"; sourceTree = BUILT_PRODUCTS_DIR; };
		C10A6AA626ACB6A900E1744A /* AppDelegate.swift */ = {isa = PBXFileReference; lastKnownFileType = sourcecode.swift; path = AppDelegate.swift; sourceTree = "<group>"; };
		C10A6AA826ACB6A900E1744A /* SceneDelegate.swift */ = {isa = PBXFileReference; lastKnownFileType = sourcecode.swift; path = SceneDelegate.swift; sourceTree = "<group>"; };
		C10A6AAA26ACB6A900E1744A /* HomeViewController.swift */ = {isa = PBXFileReference; lastKnownFileType = sourcecode.swift; path = HomeViewController.swift; sourceTree = "<group>"; };
		C10A6AAD26ACB6A900E1744A /* Base */ = {isa = PBXFileReference; lastKnownFileType = file.storyboard; name = Base; path = Base.lproj/Main.storyboard; sourceTree = "<group>"; };
		C10A6AAF26ACB6AB00E1744A /* Assets.xcassets */ = {isa = PBXFileReference; lastKnownFileType = folder.assetcatalog; path = Assets.xcassets; sourceTree = "<group>"; };
		C10A6AB226ACB6AB00E1744A /* Base */ = {isa = PBXFileReference; lastKnownFileType = file.storyboard; name = Base; path = Base.lproj/LaunchScreen.storyboard; sourceTree = "<group>"; };
		C10A6AB426ACB6AB00E1744A /* Info.plist */ = {isa = PBXFileReference; lastKnownFileType = text.plist.xml; path = Info.plist; sourceTree = "<group>"; };
		C10A6ABA26ACB7BC00E1744A /* MenuViewController.swift */ = {isa = PBXFileReference; lastKnownFileType = sourcecode.swift; path = MenuViewController.swift; sourceTree = "<group>"; };
		C10A6ABC26ACC48200E1744A /* SlideinTransition.swift */ = {isa = PBXFileReference; lastKnownFileType = sourcecode.swift; path = SlideinTransition.swift; sourceTree = "<group>"; };
		C10A6ABE26ACD65100E1744A /* AnimalsViewController.swift */ = {isa = PBXFileReference; lastKnownFileType = sourcecode.swift; path = AnimalsViewController.swift; sourceTree = "<group>"; };
/* End PBXFileReference section */

/* Begin PBXFrameworksBuildPhase section */
		C10A6AA026ACB6A900E1744A /* Frameworks */ = {
			isa = PBXFrameworksBuildPhase;
			buildActionMask = 2147483647;
			files = (
			);
			runOnlyForDeploymentPostprocessing = 0;
		};
/* End PBXFrameworksBuildPhase section */

/* Begin PBXGroup section */
		C10A6A9A26ACB6A900E1744A = {
			isa = PBXGroup;
			children = (
				C10A6ABE26ACD65100E1744A /* AnimalsViewController.swift */,
				C10A6AA526ACB6A900E1744A /* Gif-Me ! */,
				C10A6AA426ACB6A900E1744A /* Products */,
			);
			sourceTree = "<group>";
		};
		C10A6AA426ACB6A900E1744A /* Products */ = {
			isa = PBXGroup;
			children = (
				C10A6AA326ACB6A900E1744A /* Gif-Me !.app */,
			);
			name = Products;
			sourceTree = "<group>";
		};
		C10A6AA526ACB6A900E1744A /* Gif-Me ! */ = {
			isa = PBXGroup;
			children = (
				C10A6AA626ACB6A900E1744A /* AppDelegate.swift */,
				C10A6AA826ACB6A900E1744A /* SceneDelegate.swift */,
				C10A6AAA26ACB6A900E1744A /* HomeViewController.swift */,
				C10A6ABA26ACB7BC00E1744A /* MenuViewController.swift */,
				C10A6ABC26ACC48200E1744A /* SlideinTransition.swift */,
				C10A6AAC26ACB6A900E1744A /* Main.storyboard */,
				C10A6AAF26ACB6AB00E1744A /* Assets.xcassets */,
				C10A6AB126ACB6AB00E1744A /* LaunchScreen.storyboard */,
				C10A6AB426ACB6AB00E1744A /* Info.plist */,
			);
			path = "Gif-Me !";
			sourceTree = "<group>";
		};
/* End PBXGroup section */

/* Begin PBXNativeTarget section */
		C10A6AA226ACB6A900E1744A /* Gif-Me ! */ = {
			isa = PBXNativeTarget;
			buildConfigurationList = C10A6AB726ACB6AB00E1744A /* Build configuration list for PBXNativeTarget "Gif-Me !" */;
			buildPhases = (
				C10A6A9F26ACB6A900E1744A /* Sources */,
				C10A6AA026ACB6A900E1744A /* Frameworks */,
				C10A6AA126ACB6A900E1744A /* Resources */,
			);
			buildRules = (
			);
			dependencies = (
			);
			name = "Gif-Me !";
			productName = "Gif-Me !";
			productReference = C10A6AA326ACB6A900E1744A /* Gif-Me !.app */;
			productType = "com.apple.product-type.application";
		};
/* End PBXNativeTarget section */

/* Begin PBXProject section */
		C10A6A9B26ACB6A900E1744A /* Project object */ = {
			isa = PBXProject;
			attributes = {
				LastSwiftUpdateCheck = 1250;
				LastUpgradeCheck = 1250;
				TargetAttributes = {
					C10A6AA226ACB6A900E1744A = {
						CreatedOnToolsVersion = 12.5.1;
					};
				};
			};
			buildConfigurationList = C10A6A9E26ACB6A900E1744A /* Build configuration list for PBXProject "Gif-Me !" */;
			compatibilityVersion = "Xcode 9.3";
			developmentRegion = en;
			hasScannedForEncodings = 0;
			knownRegions = (
				en,
				Base,
			);
			mainGroup = C10A6A9A26ACB6A900E1744A;
			productRefGroup = C10A6AA426ACB6A900E1744A /* Products */;
			projectDirPath = "";
			projectRoot = "";
			targets = (
				C10A6AA226ACB6A900E1744A /* Gif-Me ! */,
			);
		};
/* End PBXProject section */

/* Begin PBXResourcesBuildPhase section */
		C10A6AA126ACB6A900E1744A /* Resources */ = {
			isa = PBXResourcesBuildPhase;
			buildActionMask = 2147483647;
			files = (
				C10A6AB326ACB6AB00E1744A /* LaunchScreen.storyboard in Resources */,
				C10A6AB026ACB6AB00E1744A /* Assets.xcassets in Resources */,
				C10A6AAE26ACB6A900E1744A /* Main.storyboard in Resources */,
			);
			runOnlyForDeploymentPostprocessing = 0;
		};
/* End PBXResourcesBuildPhase section */

/* Begin PBXSourcesBuildPhase section */
		C10A6A9F26ACB6A900E1744A /* Sources */ = {
			isa = PBXSourcesBuildPhase;
			buildActionMask = 2147483647;
			files = (
				C10A6ABD26ACC48200E1744A /* SlideinTransition.swift in Sources */,
				C10A6AAB26ACB6A900E1744A /* HomeViewController.swift in Sources */,
				C10A6ABF26ACD65100E1744A /* AnimalsViewController.swift in Sources */,
				C10A6AA726ACB6A900E1744A /* AppDelegate.swift in Sources */,
				C10A6AA926ACB6A900E1744A /* SceneDelegate.swift in Sources */,
				C10A6ABB26ACB7BC00E1744A /* MenuViewController.swift in Sources */,
			);
			runOnlyForDeploymentPostprocessing = 0;
		};
/* End PBXSourcesBuildPhase section */

/* Begin PBXVariantGroup section */
		C10A6AAC26ACB6A900E1744A /* Main.storyboard */ = {
			isa = PBXVariantGroup;
			children = (
				C10A6AAD26ACB6A900E1744A /* Base */,
			);
			name = Main.storyboard;
			sourceTree = "<group>";
		};
		C10A6AB126ACB6AB00E1744A /* LaunchScreen.storyboard */ = {
			isa = PBXVariantGroup;
			children = (
				C10A6AB226ACB6AB00E1744A /* Base */,
			);
			name = LaunchScreen.storyboard;
			sourceTree = "<group>";
		};
/* End PBXVariantGroup section */

/* Begin XCBuildConfiguration section */
		C10A6AB526ACB6AB00E1744A /* Debug */ = {
			isa = XCBuildConfiguration;
			buildSettings = {
				ALWAYS_SEARCH_USER_PATHS = NO;
				CLANG_ANALYZER_NONNULL = YES;
				CLANG_ANALYZER_NUMBER_OBJECT_CONVERSION = YES_AGGRESSIVE;
				CLANG_CXX_LANGUAGE_STANDARD = "gnu++14";
				CLANG_CXX_LIBRARY = "libc++";
				CLANG_ENABLE_MODULES = YES;
				CLANG_ENABLE_OBJC_ARC = YES;
				CLANG_ENABLE_OBJC_WEAK = YES;
				CLANG_WARN_BLOCK_CAPTURE_AUTORELEASING = YES;
				CLANG_WARN_BOOL_CONVERSION = YES;
				CLANG_WARN_COMMA = YES;
				CLANG_WARN_CONSTANT_CONVERSION = YES;
				CLANG_WARN_DEPRECATED_OBJC_IMPLEMENTATIONS = YES;
				CLANG_WARN_DIRECT_OBJC_ISA_USAGE = YES_ERROR;
				CLANG_WARN_DOCUMENTATION_COMMENTS = YES;
				CLANG_WARN_EMPTY_BODY = YES;
				CLANG_WARN_ENUM_CONVERSION = YES;
				CLANG_WARN_INFINITE_RECURSION = YES;
				CLANG_WARN_INT_CONVERSION = YES;
				CLANG_WARN_NON_LITERAL_NULL_CONVERSION = YES;
				CLANG_WARN_OBJC_IMPLICIT_RETAIN_SELF = YES;
				CLANG_WARN_OBJC_LITERAL_CONVERSION = YES;
				CLANG_WARN_OBJC_ROOT_CLASS = YES_ERROR;
				CLANG_WARN_QUOTED_INCLUDE_IN_FRAMEWORK_HEADER = YES;
				CLANG_WARN_RANGE_LOOP_ANALYSIS = YES;
				CLANG_WARN_STRICT_PROTOTYPES = YES;
				CLANG_WARN_SUSPICIOUS_MOVE = YES;
				CLANG_WARN_UNGUARDED_AVAILABILITY = YES_AGGRESSIVE;
				CLANG_WARN_UNREACHABLE_CODE = YES;
				CLANG_WARN__DUPLICATE_METHOD_MATCH = YES;
				COPY_PHASE_STRIP = NO;
				DEBUG_INFORMATION_FORMAT = dwarf;
				ENABLE_STRICT_OBJC_MSGSEND = YES;
				ENABLE_TESTABILITY = YES;
				GCC_C_LANGUAGE_STANDARD = gnu11;
				GCC_DYNAMIC_NO_PIC = NO;
				GCC_NO_COMMON_BLOCKS = YES;
				GCC_OPTIMIZATION_LEVEL = 0;
				GCC_PREPROCESSOR_DEFINITIONS = (
					"DEBUG=1",
					"$(inherited)",
				);
				GCC_WARN_64_TO_32_BIT_CONVERSION = YES;
				GCC_WARN_ABOUT_RETURN_TYPE = YES_ERROR;
				GCC_WARN_UNDECLARED_SELECTOR = YES;
				GCC_WARN_UNINITIALIZED_AUTOS = YES_AGGRESSIVE;
				GCC_WARN_UNUSED_FUNCTION = YES;
				GCC_WARN_UNUSED_VARIABLE = YES;
				IPHONEOS_DEPLOYMENT_TARGET = 14.5;
				MTL_ENABLE_DEBUG_INFO = INCLUDE_SOURCE;
				MTL_FAST_MATH = YES;
				ONLY_ACTIVE_ARCH = YES;
				SDKROOT = iphoneos;
				SWIFT_ACTIVE_COMPILATION_CONDITIONS = DEBUG;
				SWIFT_OPTIMIZATION_LEVEL = "-Onone";
			};
			name = Debug;
		};
		C10A6AB626ACB6AB00E1744A /* Release */ = {
			isa = XCBuildConfiguration;
			buildSettings = {
				ALWAYS_SEARCH_USER_PATHS = NO;
				CLANG_ANALYZER_NONNULL = YES;
				CLANG_ANALYZER_NUMBER_OBJECT_CONVERSION = YES_AGGRESSIVE;
				CLANG_CXX_LANGUAGE_STANDARD = "gnu++14";
				CLANG_CXX_LIBRARY = "libc++";
				CLANG_ENABLE_MODULES = YES;
				CLANG_ENABLE_OBJC_ARC = YES;
				CLANG_ENABLE_OBJC_WEAK = YES;
				CLANG_WARN_BLOCK_CAPTURE_AUTORELEASING = YES;
				CLANG_WARN_BOOL_CONVERSION = YES;
				CLANG_WARN_COMMA = YES;
				CLANG_WARN_CONSTANT_CONVERSION = YES;
				CLANG_WARN_DEPRECATED_OBJC_IMPLEMENTATIONS = YES;
				CLANG_WARN_DIRECT_OBJC_ISA_USAGE = YES_ERROR;
				CLANG_WARN_DOCUMENTATION_COMMENTS = YES;
				CLANG_WARN_EMPTY_BODY = YES;
				CLANG_WARN_ENUM_CONVERSION = YES;
				CLANG_WARN_INFINITE_RECURSION = YES;
				CLANG_WARN_INT_CONVERSION = YES;
				CLANG_WARN_NON_LITERAL_NULL_CONVERSION = YES;
				CLANG_WARN_OBJC_IMPLICIT_RETAIN_SELF = YES;
				CLANG_WARN_OBJC_LITERAL_CONVERSION = YES;
				CLANG_WARN_OBJC_ROOT_CLASS = YES_ERROR;
				CLANG_WARN_QUOTED_INCLUDE_IN_FRAMEWORK_HEADER = YES;
				CLANG_WARN_RANGE_LOOP_ANALYSIS = YES;
				CLANG_WARN_STRICT_PROTOTYPES = YES;
				CLANG_WARN_SUSPICIOUS_MOVE = YES;
				CLANG_WARN_UNGUARDED_AVAILABILITY = YES_AGGRESSIVE;
				CLANG_WARN_UNREACHABLE_CODE = YES;
				CLANG_WARN__DUPLICATE_METHOD_MATCH = YES;
				COPY_PHASE_STRIP = NO;
				DEBUG_INFORMATION_FORMAT = "dwarf-with-dsym";
				ENABLE_NS_ASSERTIONS = NO;
				ENABLE_STRICT_OBJC_MSGSEND = YES;
				GCC_C_LANGUAGE_STANDARD = gnu11;
				GCC_NO_COMMON_BLOCKS = YES;
				GCC_WARN_64_TO_32_BIT_CONVERSION = YES;
				GCC_WARN_ABOUT_RETURN_TYPE = YES_ERROR;
				GCC_WARN_UNDECLARED_SELECTOR = YES;
				GCC_WARN_UNINITIALIZED_AUTOS = YES_AGGRESSIVE;
				GCC_WARN_UNUSED_FUNCTION = YES;
				GCC_WARN_UNUSED_VARIABLE = YES;
				IPHONEOS_DEPLOYMENT_TARGET = 14.5;
				MTL_ENABLE_DEBUG_INFO = NO;
				MTL_FAST_MATH = YES;
				SDKROOT = iphoneos;
				SWIFT_COMPILATION_MODE = wholemodule;
				SWIFT_OPTIMIZATION_LEVEL = "-O";
				VALIDATE_PRODUCT = YES;
			};
			name = Release;
		};
		C10A6AB826ACB6AB00E1744A /* Debug */ = {
			isa = XCBuildConfiguration;
			buildSettings = {
				ASSETCATALOG_COMPILER_APPICON_NAME = AppIcon;
				ASSETCATALOG_COMPILER_GLOBAL_ACCENT_COLOR_NAME = AccentColor;
				CODE_SIGN_STYLE = Automatic;
				INFOPLIST_FILE = "Gif-Me !/Info.plist";
				LD_RUNPATH_SEARCH_PATHS = (
					"$(inherited)",
					"@executable_path/Frameworks",
				);
				PRODUCT_BUNDLE_IDENTIFIER = "com.example.Gif-Me--";
				PRODUCT_NAME = "$(TARGET_NAME)";
				SWIFT_VERSION = 5.0;
				TARGETED_DEVICE_FAMILY = "1,2";
			};
			name = Debug;
		};
		C10A6AB926ACB6AB00E1744A /* Release */ = {
			isa = XCBuildConfiguration;
			buildSettings = {
				ASSETCATALOG_COMPILER_APPICON_NAME = AppIcon;
				ASSETCATALOG_COMPILER_GLOBAL_ACCENT_COLOR_NAME = AccentColor;
				CODE_SIGN_STYLE = Automatic;
				INFOPLIST_FILE = "Gif-Me !/Info.plist";
				LD_RUNPATH_SEARCH_PATHS = (
					"$(inherited)",
					"@executable_path/Frameworks",
				);
				PRODUCT_BUNDLE_IDENTIFIER = "com.example.Gif-Me--";
				PRODUCT_NAME = "$(TARGET_NAME)";
				SWIFT_VERSION = 5.0;
				TARGETED_DEVICE_FAMILY = "1,2";
			};
			name = Release;
		};
/* End XCBuildConfiguration section */

/* Begin XCConfigurationList section */
		C10A6A9E26ACB6A900E1744A /* Build configuration list for PBXProject "Gif-Me !" */ = {
			isa = XCConfigurationList;
			buildConfigurations = (
				C10A6AB526ACB6AB00E1744A /* Debug */,
				C10A6AB626ACB6AB00E1744A /* Release */,
			);
			defaultConfigurationIsVisible = 0;
			defaultConfigurationName = Release;
		};
		C10A6AB726ACB6AB00E1744A /* Build configuration list for PBXNativeTarget "Gif-Me !" */ = {
			isa = XCConfigurationList;
			buildConfigurations = (
				C10A6AB826ACB6AB00E1744A /* Debug */,
				C10A6AB926ACB6AB00E1744A /* Release */,
			);
			defaultConfigurationIsVisible = 0;
			defaultConfigurationName = Release;
		};
/* End XCConfigurationList section */
	};
	rootObject = C10A6A9B26ACB6A900E1744A /* Project object */;
}
